schema: '2.0'
stages:
  make_dataset:
    cmd: python .\src\data\make_dataset.py .\data\raw\creditcard.csv
    deps:
    - path: .\data\raw\creditcard.csv
      hash: md5
      md5: e90efcb83d69faf99fcab8b0255024de
      size: 150828752
    - path: .\src\data\make_dataset.py
      hash: md5
      md5: 5d87ea0853101b748b17af0be510c2ac
      size: 1314
    params:
      params.yaml:
        make_dataset.seed: 2023
        make_dataset.test_split: 0.2
    outs:
    - path: .\data\processed\
      hash: md5
      md5: c1fe38e0fb7a0bc7f30cdd6de224dc94.dir
      size: 151102527
      nfiles: 2
  train_model:
    cmd: python .\src\models\train_model.py .\data\processed\
    deps:
    - path: .\data\processed\
      hash: md5
      md5: c1fe38e0fb7a0bc7f30cdd6de224dc94.dir
      size: 151102527
      nfiles: 2
    - path: .\src\models\train_model.py
      hash: md5
      md5: 5af92edffd22804f29af18c1efe94bbb
      size: 1362
    params:
      params.yaml:
        train_model.max_depth: 6
        train_model.n_estimators: 10
        train_model.seed: 2023
    outs:
    - path: .\models\
      hash: md5
      md5: 1f308f0a0a2d65dd7bd68e9c8c48cc2c.dir
      size: 53497
      nfiles: 1
