schema: '2.0'
stages:
  make_dataset:
    cmd: python .\src\data\make_dataset.py .\data\raw\creditcard.csv
    deps:
    - path: .\data\raw\creditcard.csv
      hash: md5
      md5: e8ffcd27762aaf279e268eb849a060f9
      size: 150825054
    - path: .\src\data\make_dataset.py
      hash: md5
      md5: 5d87ea0853101b748b17af0be510c2ac
      size: 1314
    params:
      params.yaml:
        make_dataset.seed: 2023
        make_dataset.test_split: 0.2
    outs:
    - path: .\data\processed\
      hash: md5
      md5: b21101ae3f5090f5af39e6f9cbdb21c3.dir
      size: 151098829
      nfiles: 2
  train_model:
    cmd: python .\src\models\train_model.py .\data\processed\
    deps:
    - path: .\data\processed\
      hash: md5
      md5: b21101ae3f5090f5af39e6f9cbdb21c3.dir
      size: 151098829
      nfiles: 2
    - path: .\src\models\train_model.py
      hash: md5
      md5: 5af92edffd22804f29af18c1efe94bbb
      size: 1362
    outs:
    - path: .\models\
      hash: md5
      md5: 6191af90def2b514e1128c7d91ae5877.dir
      size: 397817
      nfiles: 1
  visualize:
    cmd: python .\src\visualization\visualize.py .\models\model.joblib .\data\processed\
    deps:
    - path: .\data\processed\
      hash: md5
      md5: 45207c27b5aec2846e4532f5bee1631f.dir
      size: 151098829
      nfiles: 2
    - path: .\models\model.joblib
      hash: md5
      md5: e01830bd03da0f4f328c34580d40d5b3
      size: 3865
    - path: .\src\visualization\visualize.py
      hash: md5
      md5: db86d2e43c664f095353e9ba6afe3393
      size: 3687
    outs:
    - path: dvclive
      hash: md5
      md5: e887b02afa678d483c083f4d3632dc94.dir
      size: 18530385
      nfiles: 8
